// !$*UTF8*$!
{
	archiveVersion = 1;
	classes = {
	};
	objectVersion = 48;
	objects = {

/* Begin PBXBuildFile section */
		6D3EC94021467553007FB9CD /* AppDelegate.swift in Sources */ = {isa = PBXBuildFile; fileRef = 6D3EC93F21467553007FB9CD /* AppDelegate.swift */; };
		6D3EC94221467553007FB9CD /* ViewController.swift in Sources */ = {isa = PBXBuildFile; fileRef = 6D3EC94121467553007FB9CD /* ViewController.swift */; };
		6D3EC94521467553007FB9CD /* Main.storyboard in Resources */ = {isa = PBXBuildFile; fileRef = 6D3EC94321467553007FB9CD /* Main.storyboard */; };
		6D3EC94721467553007FB9CD /* Assets.xcassets in Resources */ = {isa = PBXBuildFile; fileRef = 6D3EC94621467553007FB9CD /* Assets.xcassets */; };
		6D3EC94A21467553007FB9CD /* LaunchScreen.storyboard in Resources */ = {isa = PBXBuildFile; fileRef = 6D3EC94821467553007FB9CD /* LaunchScreen.storyboard */; };
		6D3EC95221469948007FB9CD /* CurrentWeather.swift in Sources */ = {isa = PBXBuildFile; fileRef = 6D3EC95121469948007FB9CD /* CurrentWeather.swift */; };
		6D3EC9542146A0B7007FB9CD /* CurrentWeatherViewModel.swift in Sources */ = {isa = PBXBuildFile; fileRef = 6D3EC9532146A0B7007FB9CD /* CurrentWeatherViewModel.swift */; };
		6D3EC9562146D192007FB9CD /* JSONDownloader.swift in Sources */ = {isa = PBXBuildFile; fileRef = 6D3EC9552146D192007FB9CD /* JSONDownloader.swift */; };
		6D3EC9582147F03E007FB9CD /* WeatherError.swift in Sources */ = {isa = PBXBuildFile; fileRef = 6D3EC9572147F03E007FB9CD /* WeatherError.swift */; };
		6D3EC95A2147FF82007FB9CD /* WeatherAPIClient.swift in Sources */ = {isa = PBXBuildFile; fileRef = 6D3EC9592147FF82007FB9CD /* WeatherAPIClient.swift */; };
		6D518F0F21491BB70083B674 /* Coordinate.swift in Sources */ = {isa = PBXBuildFile; fileRef = 6D518F0D21491BB70083B674 /* Coordinate.swift */; };
		6D518F1021491BB70083B674 /* Weather.swift in Sources */ = {isa = PBXBuildFile; fileRef = 6D518F0E21491BB70083B674 /* Weather.swift */; };
/* End PBXBuildFile section */

/* Begin PBXFileReference section */
		6D3EC93C21467552007FB9CD /* Weather-iOS-App.app */ = {isa = PBXFileReference; explicitFileType = wrapper.application; includeInIndex = 0; path = "Weather-iOS-App.app"; sourceTree = BUILT_PRODUCTS_DIR; };
		6D3EC93F21467553007FB9CD /* AppDelegate.swift */ = {isa = PBXFileReference; fileEncoding = 4; lastKnownFileType = sourcecode.swift; path = AppDelegate.swift; sourceTree = "<group>"; };
		6D3EC94121467553007FB9CD /* ViewController.swift */ = {isa = PBXFileReference; lastKnownFileType = sourcecode.swift; path = ViewController.swift; sourceTree = "<group>"; };
		6D3EC94421467553007FB9CD /* Base */ = {isa = PBXFileReference; lastKnownFileType = file.storyboard; name = Base; path = Base.lproj/Main.storyboard; sourceTree = "<group>"; };
		6D3EC94621467553007FB9CD /* Assets.xcassets */ = {isa = PBXFileReference; lastKnownFileType = folder.assetcatalog; path = Assets.xcassets; sourceTree = "<group>"; };
		6D3EC94921467553007FB9CD /* Base */ = {isa = PBXFileReference; lastKnownFileType = file.storyboard; name = Base; path = Base.lproj/LaunchScreen.storyboard; sourceTree = "<group>"; };
		6D3EC94B21467553007FB9CD /* Info.plist */ = {isa = PBXFileReference; lastKnownFileType = text.plist.xml; path = Info.plist; sourceTree = "<group>"; };
		6D3EC95121469948007FB9CD /* CurrentWeather.swift */ = {isa = PBXFileReference; lastKnownFileType = sourcecode.swift; path = CurrentWeather.swift; sourceTree = "<group>"; };
		6D3EC9532146A0B7007FB9CD /* CurrentWeatherViewModel.swift */ = {isa = PBXFileReference; lastKnownFileType = sourcecode.swift; path = CurrentWeatherViewModel.swift; sourceTree = "<group>"; };
		6D3EC9552146D192007FB9CD /* JSONDownloader.swift */ = {isa = PBXFileReference; lastKnownFileType = sourcecode.swift; path = JSONDownloader.swift; sourceTree = "<group>"; };
		6D3EC9572147F03E007FB9CD /* WeatherError.swift */ = {isa = PBXFileReference; lastKnownFileType = sourcecode.swift; path = WeatherError.swift; sourceTree = "<group>"; };
		6D3EC9592147FF82007FB9CD /* WeatherAPIClient.swift */ = {isa = PBXFileReference; lastKnownFileType = sourcecode.swift; path = WeatherAPIClient.swift; sourceTree = "<group>"; };
		6D518F0D21491BB70083B674 /* Coordinate.swift */ = {isa = PBXFileReference; fileEncoding = 4; lastKnownFileType = sourcecode.swift; name = Coordinate.swift; path = "../../../Downloads/iOS-Stormy-S5/Stormy/Coordinate.swift"; sourceTree = "<group>"; };
		6D518F0E21491BB70083B674 /* Weather.swift */ = {isa = PBXFileReference; fileEncoding = 4; lastKnownFileType = sourcecode.swift; name = Weather.swift; path = "../../../Downloads/iOS-Stormy-S5/Stormy/Weather.swift"; sourceTree = "<group>"; };
/* End PBXFileReference section */

/* Begin PBXFrameworksBuildPhase section */
		6D3EC93921467552007FB9CD /* Frameworks */ = {
			isa = PBXFrameworksBuildPhase;
			buildActionMask = 2147483647;
			files = (
			);
			runOnlyForDeploymentPostprocessing = 0;
		};
/* End PBXFrameworksBuildPhase section */

/* Begin PBXGroup section */
		6D3EC93321467552007FB9CD = {
			isa = PBXGroup;
			children = (
				6D3EC93E21467552007FB9CD /* Weather-iOS-App */,
				6D3EC93D21467552007FB9CD /* Products */,
			);
			sourceTree = "<group>";
		};
		6D3EC93D21467552007FB9CD /* Products */ = {
			isa = PBXGroup;
			children = (
				6D3EC93C21467552007FB9CD /* Weather-iOS-App.app */,
			);
			name = Products;
			sourceTree = "<group>";
		};
		6D3EC93E21467552007FB9CD /* Weather-iOS-App */ = {
			isa = PBXGroup;
			children = (
				6D518F0D21491BB70083B674 /* Coordinate.swift */,
				6D518F0E21491BB70083B674 /* Weather.swift */,
				6D3EC93F21467553007FB9CD /* AppDelegate.swift */,
				6D3EC94121467553007FB9CD /* ViewController.swift */,
				6D3EC94321467553007FB9CD /* Main.storyboard */,
				6D3EC94621467553007FB9CD /* Assets.xcassets */,
				6D3EC94821467553007FB9CD /* LaunchScreen.storyboard */,
				6D3EC94B21467553007FB9CD /* Info.plist */,
				6D3EC95121469948007FB9CD /* CurrentWeather.swift */,
				6D3EC9532146A0B7007FB9CD /* CurrentWeatherViewModel.swift */,
				6D3EC9552146D192007FB9CD /* JSONDownloader.swift */,
				6D3EC9572147F03E007FB9CD /* WeatherError.swift */,
				6D3EC9592147FF82007FB9CD /* WeatherAPIClient.swift */,
			);
			path = "Weather-iOS-App";
			sourceTree = "<group>";
		};
/* End PBXGroup section */

/* Begin PBXNativeTarget section */
		6D3EC93B21467552007FB9CD /* Weather-iOS-App */ = {
			isa = PBXNativeTarget;
			buildConfigurationList = 6D3EC94E21467553007FB9CD /* Build configuration list for PBXNativeTarget "Weather-iOS-App" */;
			buildPhases = (
				6D3EC93821467552007FB9CD /* Sources */,
				6D3EC93921467552007FB9CD /* Frameworks */,
				6D3EC93A21467552007FB9CD /* Resources */,
			);
			buildRules = (
			);
			dependencies = (
			);
			name = "Weather-iOS-App";
			productName = "Weather-iOS-App";
			productReference = 6D3EC93C21467552007FB9CD /* Weather-iOS-App.app */;
			productType = "com.apple.product-type.application";
		};
/* End PBXNativeTarget section */

/* Begin PBXProject section */
		6D3EC93421467552007FB9CD /* Project object */ = {
			isa = PBXProject;
			attributes = {
				LastSwiftUpdateCheck = 0920;
				LastUpgradeCheck = 0920;
				ORGANIZATIONNAME = "Claudine Callaghan";
				TargetAttributes = {
					6D3EC93B21467552007FB9CD = {
						CreatedOnToolsVersion = 9.2;
						ProvisioningStyle = Automatic;
					};
				};
			};
			buildConfigurationList = 6D3EC93721467552007FB9CD /* Build configuration list for PBXProject "Weather-iOS-App" */;
			compatibilityVersion = "Xcode 8.0";
			developmentRegion = en;
			hasScannedForEncodings = 0;
			knownRegions = (
				en,
				Base,
			);
			mainGroup = 6D3EC93321467552007FB9CD;
			productRefGroup = 6D3EC93D21467552007FB9CD /* Products */;
			projectDirPath = "";
			projectRoot = "";
			targets = (
				6D3EC93B21467552007FB9CD /* Weather-iOS-App */,
			);
		};
/* End PBXProject section */

/* Begin PBXResourcesBuildPhase section */
		6D3EC93A21467552007FB9CD /* Resources */ = {
			isa = PBXResourcesBuildPhase;
			buildActionMask = 2147483647;
			files = (
				6D3EC94A21467553007FB9CD /* LaunchScreen.storyboard in Resources */,
				6D3EC94721467553007FB9CD /* Assets.xcassets in Resources */,
				6D3EC94521467553007FB9CD /* Main.storyboard in Resources */,
			);
			runOnlyForDeploymentPostprocessing = 0;
		};
/* End PBXResourcesBuildPhase section */

/* Begin PBXSourcesBuildPhase section */
		6D3EC93821467552007FB9CD /* Sources */ = {
			isa = PBXSourcesBuildPhase;
			buildActionMask = 2147483647;
			files = (
				6D3EC94221467553007FB9CD /* ViewController.swift in Sources */,
				6D3EC9582147F03E007FB9CD /* WeatherError.swift in Sources */,
				6D3EC95221469948007FB9CD /* CurrentWeather.swift in Sources */,
				6D518F1021491BB70083B674 /* Weather.swift in Sources */,
				6D3EC9562146D192007FB9CD /* JSONDownloader.swift in Sources */,
				6D3EC94021467553007FB9CD /* AppDelegate.swift in Sources */,
				6D3EC9542146A0B7007FB9CD /* CurrentWeatherViewModel.swift in Sources */,
				6D3EC95A2147FF82007FB9CD /* WeatherAPIClient.swift in Sources */,
				6D518F0F21491BB70083B674 /* Coordinate.swift in Sources */,
			);
			runOnlyForDeploymentPostprocessing = 0;
		};
/* End PBXSourcesBuildPhase section */

/* Begin PBXVariantGroup section */
		6D3EC94321467553007FB9CD /* Main.storyboard */ = {
			isa = PBXVariantGroup;
			children = (
				6D3EC94421467553007FB9CD /* Base */,
			);
			name = Main.storyboard;
			sourceTree = "<group>";
		};
		6D3EC94821467553007FB9CD /* LaunchScreen.storyboard */ = {
			isa = PBXVariantGroup;
			children = (
				6D3EC94921467553007FB9CD /* Base */,
			);
			name = LaunchScreen.storyboard;
			sourceTree = "<group>";
		};
/* End PBXVariantGroup section */

/* Begin XCBuildConfiguration section */
		6D3EC94C21467553007FB9CD /* Debug */ = {
			isa = XCBuildConfiguration;
			buildSettings = {
				ALWAYS_SEARCH_USER_PATHS = NO;
				CLANG_ANALYZER_NONNULL = YES;
				CLANG_ANALYZER_NUMBER_OBJECT_CONVERSION = YES_AGGRESSIVE;
				CLANG_CXX_LANGUAGE_STANDARD = "gnu++14";
				CLANG_CXX_LIBRARY = "libc++";
				CLANG_ENABLE_MODULES = YES;
				CLANG_ENABLE_OBJC_ARC = YES;
				CLANG_WARN_BLOCK_CAPTURE_AUTORELEASING = YES;
				CLANG_WARN_BOOL_CONVERSION = YES;
				CLANG_WARN_COMMA = YES;
				CLANG_WARN_CONSTANT_CONVERSION = YES;
				CLANG_WARN_DIRECT_OBJC_ISA_USAGE = YES_ERROR;
				CLANG_WARN_DOCUMENTATION_COMMENTS = YES;
				CLANG_WARN_EMPTY_BODY = YES;
				CLANG_WARN_ENUM_CONVERSION = YES;
				CLANG_WARN_INFINITE_RECURSION = YES;
				CLANG_WARN_INT_CONVERSION = YES;
				CLANG_WARN_NON_LITERAL_NULL_CONVERSION = YES;
				CLANG_WARN_OBJC_LITERAL_CONVERSION = YES;
				CLANG_WARN_OBJC_ROOT_CLASS = YES_ERROR;
				CLANG_WARN_RANGE_LOOP_ANALYSIS = YES;
				CLANG_WARN_STRICT_PROTOTYPES = YES;
				CLANG_WARN_SUSPICIOUS_MOVE = YES;
				CLANG_WARN_UNGUARDED_AVAILABILITY = YES_AGGRESSIVE;
				CLANG_WARN_UNREACHABLE_CODE = YES;
				CLANG_WARN__DUPLICATE_METHOD_MATCH = YES;
				CODE_SIGN_IDENTITY = "iPhone Developer";
				COPY_PHASE_STRIP = NO;
				DEBUG_INFORMATION_FORMAT = dwarf;
				ENABLE_STRICT_OBJC_MSGSEND = YES;
				ENABLE_TESTABILITY = YES;
				GCC_C_LANGUAGE_STANDARD = gnu11;
				GCC_DYNAMIC_NO_PIC = NO;
				GCC_NO_COMMON_BLOCKS = YES;
				GCC_OPTIMIZATION_LEVEL = 0;
				GCC_PREPROCESSOR_DEFINITIONS = (
					"DEBUG=1",
					"$(inherited)",
				);
				GCC_WARN_64_TO_32_BIT_CONVERSION = YES;
				GCC_WARN_ABOUT_RETURN_TYPE = YES_ERROR;
				GCC_WARN_UNDECLARED_SELECTOR = YES;
				GCC_WARN_UNINITIALIZED_AUTOS = YES_AGGRESSIVE;
				GCC_WARN_UNUSED_FUNCTION = YES;
				GCC_WARN_UNUSED_VARIABLE = YES;
				IPHONEOS_DEPLOYMENT_TARGET = 11.2;
				MTL_ENABLE_DEBUG_INFO = YES;
				ONLY_ACTIVE_ARCH = YES;
				SDKROOT = iphoneos;
				SWIFT_ACTIVE_COMPILATION_CONDITIONS = DEBUG;
				SWIFT_OPTIMIZATION_LEVEL = "-Onone";
			};
			name = Debug;
		};
		6D3EC94D21467553007FB9CD /* Release */ = {
			isa = XCBuildConfiguration;
			buildSettings = {
				ALWAYS_SEARCH_USER_PATHS = NO;
				CLANG_ANALYZER_NONNULL = YES;
				CLANG_ANALYZER_NUMBER_OBJECT_CONVERSION = YES_AGGRESSIVE;
				CLANG_CXX_LANGUAGE_STANDARD = "gnu++14";
				CLANG_CXX_LIBRARY = "libc++";
				CLANG_ENABLE_MODULES = YES;
				CLANG_ENABLE_OBJC_ARC = YES;
				CLANG_WARN_BLOCK_CAPTURE_AUTORELEASING = YES;
				CLANG_WARN_BOOL_CONVERSION = YES;
				CLANG_WARN_COMMA = YES;
				CLANG_WARN_CONSTANT_CONVERSION = YES;
				CLANG_WARN_DIRECT_OBJC_ISA_USAGE = YES_ERROR;
				CLANG_WARN_DOCUMENTATION_COMMENTS = YES;
				CLANG_WARN_EMPTY_BODY = YES;
				CLANG_WARN_ENUM_CONVERSION = YES;
				CLANG_WARN_INFINITE_RECURSION = YES;
				CLANG_WARN_INT_CONVERSION = YES;
				CLANG_WARN_NON_LITERAL_NULL_CONVERSION = YES;
				CLANG_WARN_OBJC_LITERAL_CONVERSION = YES;
				CLANG_WARN_OBJC_ROOT_CLASS = YES_ERROR;
				CLANG_WARN_RANGE_LOOP_ANALYSIS = YES;
				CLANG_WARN_STRICT_PROTOTYPES = YES;
				CLANG_WARN_SUSPICIOUS_MOVE = YES;
				CLANG_WARN_UNGUARDED_AVAILABILITY = YES_AGGRESSIVE;
				CLANG_WARN_UNREACHABLE_CODE = YES;
				CLANG_WARN__DUPLICATE_METHOD_MATCH = YES;
				CODE_SIGN_IDENTITY = "iPhone Developer";
				COPY_PHASE_STRIP = NO;
				DEBUG_INFORMATION_FORMAT = "dwarf-with-dsym";
				ENABLE_NS_ASSERTIONS = NO;
				ENABLE_STRICT_OBJC_MSGSEND = YES;
				GCC_C_LANGUAGE_STANDARD = gnu11;
				GCC_NO_COMMON_BLOCKS = YES;
				GCC_WARN_64_TO_32_BIT_CONVERSION = YES;
				GCC_WARN_ABOUT_RETURN_TYPE = YES_ERROR;
				GCC_WARN_UNDECLARED_SELECTOR = YES;
				GCC_WARN_UNINITIALIZED_AUTOS = YES_AGGRESSIVE;
				GCC_WARN_UNUSED_FUNCTION = YES;
				GCC_WARN_UNUSED_VARIABLE = YES;
				IPHONEOS_DEPLOYMENT_TARGET = 11.2;
				MTL_ENABLE_DEBUG_INFO = NO;
				SDKROOT = iphoneos;
				SWIFT_OPTIMIZATION_LEVEL = "-Owholemodule";
				VALIDATE_PRODUCT = YES;
			};
			name = Release;
		};
		6D3EC94F21467553007FB9CD /* Debug */ = {
			isa = XCBuildConfiguration;
			buildSettings = {
				ASSETCATALOG_COMPILER_APPICON_NAME = AppIcon;
				CODE_SIGN_STYLE = Automatic;
				INFOPLIST_FILE = "Weather-iOS-App/Info.plist";
				LD_RUNPATH_SEARCH_PATHS = "$(inherited) @executable_path/Frameworks";
				PRODUCT_BUNDLE_IDENTIFIER = "Claudine.Weather-iOS-App";
				PRODUCT_NAME = "$(TARGET_NAME)";
				SWIFT_VERSION = 4.0;
				TARGETED_DEVICE_FAMILY = "1,2";
			};
			name = Debug;
		};
		6D3EC95021467553007FB9CD /* Release */ = {
			isa = XCBuildConfiguration;
			buildSettings = {
				ASSETCATALOG_COMPILER_APPICON_NAME = AppIcon;
				CODE_SIGN_STYLE = Automatic;
				INFOPLIST_FILE = "Weather-iOS-App/Info.plist";
				LD_RUNPATH_SEARCH_PATHS = "$(inherited) @executable_path/Frameworks";
				PRODUCT_BUNDLE_IDENTIFIER = "Claudine.Weather-iOS-App";
				PRODUCT_NAME = "$(TARGET_NAME)";
				SWIFT_VERSION = 4.0;
				TARGETED_DEVICE_FAMILY = "1,2";
			};
			name = Release;
		};
/* End XCBuildConfiguration section */

/* Begin XCConfigurationList section */
		6D3EC93721467552007FB9CD /* Build configuration list for PBXProject "Weather-iOS-App" */ = {
			isa = XCConfigurationList;
			buildConfigurations = (
				6D3EC94C21467553007FB9CD /* Debug */,
				6D3EC94D21467553007FB9CD /* Release */,
			);
			defaultConfigurationIsVisible = 0;
			defaultConfigurationName = Release;
		};
		6D3EC94E21467553007FB9CD /* Build configuration list for PBXNativeTarget "Weather-iOS-App" */ = {
			isa = XCConfigurationList;
			buildConfigurations = (
				6D3EC94F21467553007FB9CD /* Debug */,
				6D3EC95021467553007FB9CD /* Release */,
			);
			defaultConfigurationIsVisible = 0;
			defaultConfigurationName = Release;
		};
/* End XCConfigurationList section */
	};
	rootObject = 6D3EC93421467552007FB9CD /* Project object */;
}
